// !$*UTF8*$!
{
	archiveVersion = 1;
	classes = {
	};
	objectVersion = 56;
	objects = {

/* Begin PBXBuildFile section */
		C09D39632C9670F900EC59CB /* AppDelegate.swift in Sources */ = {isa = PBXBuildFile; fileRef = C09D39622C9670F900EC59CB /* AppDelegate.swift */; };
		C09D39652C9670F900EC59CB /* SceneDelegate.swift in Sources */ = {isa = PBXBuildFile; fileRef = C09D39642C9670F900EC59CB /* SceneDelegate.swift */; };
		C09D39672C9670F900EC59CB /* PokedexListViewController.swift in Sources */ = {isa = PBXBuildFile; fileRef = C09D39662C9670F900EC59CB /* PokedexListViewController.swift */; };
		C09D396A2C9670F900EC59CB /* PokedexMain.storyboard in Resources */ = {isa = PBXBuildFile; fileRef = C09D39682C9670F900EC59CB /* PokedexMain.storyboard */; };
		C09D396C2C9670FB00EC59CB /* Assets.xcassets in Resources */ = {isa = PBXBuildFile; fileRef = C09D396B2C9670FB00EC59CB /* Assets.xcassets */; };
		C09D396F2C9670FB00EC59CB /* LaunchScreen.storyboard in Resources */ = {isa = PBXBuildFile; fileRef = C09D396D2C9670FB00EC59CB /* LaunchScreen.storyboard */; };
		C09D397C2C96720B00EC59CB /* PokemonViewModel.swift in Sources */ = {isa = PBXBuildFile; fileRef = C09D397B2C96720B00EC59CB /* PokemonViewModel.swift */; };
		C09D39822C967BDB00EC59CB /* PokemonTableViewCell.swift in Sources */ = {isa = PBXBuildFile; fileRef = C09D39802C967BDB00EC59CB /* PokemonTableViewCell.swift */; };
		C09D39832C967BDB00EC59CB /* PokemonTableViewCell.xib in Resources */ = {isa = PBXBuildFile; fileRef = C09D39812C967BDB00EC59CB /* PokemonTableViewCell.xib */; };
		C09D39852C96855500EC59CB /* PokedexAPI.swift in Sources */ = {isa = PBXBuildFile; fileRef = C09D39842C96855500EC59CB /* PokedexAPI.swift */; };
		C09D39872C9686C300EC59CB /* PokemonListModel.swift in Sources */ = {isa = PBXBuildFile; fileRef = C09D39862C9686C300EC59CB /* PokemonListModel.swift */; };
		C09D39892C96871100EC59CB /* PokemonResultModel.swift in Sources */ = {isa = PBXBuildFile; fileRef = C09D39882C96871100EC59CB /* PokemonResultModel.swift */; };
		C09D398C2C96A5C700EC59CB /* PokemonDetailView.swift in Sources */ = {isa = PBXBuildFile; fileRef = C09D398B2C96A5C700EC59CB /* PokemonDetailView.swift */; };
		C09D398E2C96AECC00EC59CB /* PokemonDetailViewModel.swift in Sources */ = {isa = PBXBuildFile; fileRef = C09D398D2C96AECC00EC59CB /* PokemonDetailViewModel.swift */; };
		C09D39902C96B0CE00EC59CB /* PokemonModel.swift in Sources */ = {isa = PBXBuildFile; fileRef = C09D398F2C96B0CE00EC59CB /* PokemonModel.swift */; };
/* End PBXBuildFile section */

/* Begin PBXFileReference section */
		C09D395F2C9670F900EC59CB /* Pokedex.app */ = {isa = PBXFileReference; explicitFileType = wrapper.application; includeInIndex = 0; path = Pokedex.app; sourceTree = BUILT_PRODUCTS_DIR; };
		C09D39622C9670F900EC59CB /* AppDelegate.swift */ = {isa = PBXFileReference; lastKnownFileType = sourcecode.swift; path = AppDelegate.swift; sourceTree = "<group>"; };
		C09D39642C9670F900EC59CB /* SceneDelegate.swift */ = {isa = PBXFileReference; lastKnownFileType = sourcecode.swift; path = SceneDelegate.swift; sourceTree = "<group>"; };
		C09D39662C9670F900EC59CB /* PokedexListViewController.swift */ = {isa = PBXFileReference; lastKnownFileType = sourcecode.swift; path = PokedexListViewController.swift; sourceTree = "<group>"; };
		C09D39692C9670F900EC59CB /* Base */ = {isa = PBXFileReference; lastKnownFileType = file.storyboard; name = Base; path = Base.lproj/PokedexMain.storyboard; sourceTree = "<group>"; };
		C09D396B2C9670FB00EC59CB /* Assets.xcassets */ = {isa = PBXFileReference; lastKnownFileType = folder.assetcatalog; path = Assets.xcassets; sourceTree = "<group>"; };
		C09D396E2C9670FB00EC59CB /* Base */ = {isa = PBXFileReference; lastKnownFileType = file.storyboard; name = Base; path = Base.lproj/LaunchScreen.storyboard; sourceTree = "<group>"; };
		C09D39702C9670FB00EC59CB /* Info.plist */ = {isa = PBXFileReference; lastKnownFileType = text.plist.xml; path = Info.plist; sourceTree = "<group>"; };
		C09D397B2C96720B00EC59CB /* PokemonViewModel.swift */ = {isa = PBXFileReference; lastKnownFileType = sourcecode.swift; path = PokemonViewModel.swift; sourceTree = "<group>"; };
		C09D39802C967BDB00EC59CB /* PokemonTableViewCell.swift */ = {isa = PBXFileReference; lastKnownFileType = sourcecode.swift; path = PokemonTableViewCell.swift; sourceTree = "<group>"; };
		C09D39812C967BDB00EC59CB /* PokemonTableViewCell.xib */ = {isa = PBXFileReference; lastKnownFileType = file.xib; path = PokemonTableViewCell.xib; sourceTree = "<group>"; };
		C09D39842C96855500EC59CB /* PokedexAPI.swift */ = {isa = PBXFileReference; lastKnownFileType = sourcecode.swift; path = PokedexAPI.swift; sourceTree = "<group>"; };
		C09D39862C9686C300EC59CB /* PokemonListModel.swift */ = {isa = PBXFileReference; lastKnownFileType = sourcecode.swift; path = PokemonListModel.swift; sourceTree = "<group>"; };
		C09D39882C96871100EC59CB /* PokemonResultModel.swift */ = {isa = PBXFileReference; lastKnownFileType = sourcecode.swift; path = PokemonResultModel.swift; sourceTree = "<group>"; };
		C09D398B2C96A5C700EC59CB /* PokemonDetailView.swift */ = {isa = PBXFileReference; lastKnownFileType = sourcecode.swift; path = PokemonDetailView.swift; sourceTree = "<group>"; };
		C09D398D2C96AECC00EC59CB /* PokemonDetailViewModel.swift */ = {isa = PBXFileReference; lastKnownFileType = sourcecode.swift; path = PokemonDetailViewModel.swift; sourceTree = "<group>"; };
		C09D398F2C96B0CE00EC59CB /* PokemonModel.swift */ = {isa = PBXFileReference; lastKnownFileType = sourcecode.swift; path = PokemonModel.swift; sourceTree = "<group>"; };
/* End PBXFileReference section */

/* Begin PBXFrameworksBuildPhase section */
		C09D395C2C9670F900EC59CB /* Frameworks */ = {
			isa = PBXFrameworksBuildPhase;
			buildActionMask = 2147483647;
			files = (
			);
			runOnlyForDeploymentPostprocessing = 0;
		};
/* End PBXFrameworksBuildPhase section */

/* Begin PBXGroup section */
		C09D39562C9670F800EC59CB = {
			isa = PBXGroup;
			children = (
				C09D39612C9670F900EC59CB /* Pokedex */,
				C09D39602C9670F900EC59CB /* Products */,
			);
			sourceTree = "<group>";
		};
		C09D39602C9670F900EC59CB /* Products */ = {
			isa = PBXGroup;
			children = (
				C09D395F2C9670F900EC59CB /* Pokedex.app */,
			);
			name = Products;
			sourceTree = "<group>";
		};
		C09D39612C9670F900EC59CB /* Pokedex */ = {
			isa = PBXGroup;
			children = (
				C09D398A2C96A5A800EC59CB /* PokemonDetail */,
				C09D397A2C96719100EC59CB /* PokedexList */,
				C09D39792C96717500EC59CB /* Model */,
				C09D39782C96716E00EC59CB /* API */,
				C09D39772C96712200EC59CB /* Assets */,
				C09D39762C96711C00EC59CB /* Base */,
				C09D39702C9670FB00EC59CB /* Info.plist */,
			);
			path = Pokedex;
			sourceTree = "<group>";
		};
		C09D39762C96711C00EC59CB /* Base */ = {
			isa = PBXGroup;
			children = (
				C09D39622C9670F900EC59CB /* AppDelegate.swift */,
				C09D39642C9670F900EC59CB /* SceneDelegate.swift */,
				C09D396D2C9670FB00EC59CB /* LaunchScreen.storyboard */,
			);
			path = Base;
			sourceTree = "<group>";
		};
		C09D39772C96712200EC59CB /* Assets */ = {
			isa = PBXGroup;
			children = (
				C09D396B2C9670FB00EC59CB /* Assets.xcassets */,
			);
			path = Assets;
			sourceTree = "<group>";
		};
		C09D39782C96716E00EC59CB /* API */ = {
			isa = PBXGroup;
			children = (
				C09D39842C96855500EC59CB /* PokedexAPI.swift */,
			);
			path = API;
			sourceTree = "<group>";
		};
		C09D39792C96717500EC59CB /* Model */ = {
			isa = PBXGroup;
			children = (
				C09D39862C9686C300EC59CB /* PokemonListModel.swift */,
				C09D39882C96871100EC59CB /* PokemonResultModel.swift */,
				C09D398F2C96B0CE00EC59CB /* PokemonModel.swift */,
			);
			path = Model;
			sourceTree = "<group>";
		};
		C09D397A2C96719100EC59CB /* PokedexList */ = {
			isa = PBXGroup;
			children = (
				C09D397F2C967B9A00EC59CB /* PokemonCell */,
				C09D39662C9670F900EC59CB /* PokedexListViewController.swift */,
				C09D397B2C96720B00EC59CB /* PokemonViewModel.swift */,
				C09D39682C9670F900EC59CB /* PokedexMain.storyboard */,
			);
			path = PokedexList;
			sourceTree = "<group>";
		};
		C09D397F2C967B9A00EC59CB /* PokemonCell */ = {
			isa = PBXGroup;
			children = (
				C09D39802C967BDB00EC59CB /* PokemonTableViewCell.swift */,
				C09D39812C967BDB00EC59CB /* PokemonTableViewCell.xib */,
			);
			path = PokemonCell;
			sourceTree = "<group>";
		};
		C09D398A2C96A5A800EC59CB /* PokemonDetail */ = {
			isa = PBXGroup;
			children = (
				C09D398B2C96A5C700EC59CB /* PokemonDetailView.swift */,
				C09D398D2C96AECC00EC59CB /* PokemonDetailViewModel.swift */,
			);
			path = PokemonDetail;
			sourceTree = "<group>";
		};
/* End PBXGroup section */

/* Begin PBXNativeTarget section */
		C09D395E2C9670F900EC59CB /* Pokedex */ = {
			isa = PBXNativeTarget;
			buildConfigurationList = C09D39732C9670FB00EC59CB /* Build configuration list for PBXNativeTarget "Pokedex" */;
			buildPhases = (
				C09D395B2C9670F900EC59CB /* Sources */,
				C09D395C2C9670F900EC59CB /* Frameworks */,
				C09D395D2C9670F900EC59CB /* Resources */,
			);
			buildRules = (
			);
			dependencies = (
			);
			name = Pokedex;
			productName = Pokedex;
			productReference = C09D395F2C9670F900EC59CB /* Pokedex.app */;
			productType = "com.apple.product-type.application";
		};
/* End PBXNativeTarget section */

/* Begin PBXProject section */
		C09D39572C9670F800EC59CB /* Project object */ = {
			isa = PBXProject;
			attributes = {
				BuildIndependentTargetsInParallel = 1;
				LastSwiftUpdateCheck = 1520;
				LastUpgradeCheck = 1520;
				TargetAttributes = {
					C09D395E2C9670F900EC59CB = {
						CreatedOnToolsVersion = 15.2;
					};
				};
			};
			buildConfigurationList = C09D395A2C9670F800EC59CB /* Build configuration list for PBXProject "Pokedex" */;
			compatibilityVersion = "Xcode 14.0";
			developmentRegion = en;
			hasScannedForEncodings = 0;
			knownRegions = (
				en,
				Base,
			);
			mainGroup = C09D39562C9670F800EC59CB;
			productRefGroup = C09D39602C9670F900EC59CB /* Products */;
			projectDirPath = "";
			projectRoot = "";
			targets = (
				C09D395E2C9670F900EC59CB /* Pokedex */,
			);
		};
/* End PBXProject section */

/* Begin PBXResourcesBuildPhase section */
		C09D395D2C9670F900EC59CB /* Resources */ = {
			isa = PBXResourcesBuildPhase;
			buildActionMask = 2147483647;
			files = (
				C09D396F2C9670FB00EC59CB /* LaunchScreen.storyboard in Resources */,
				C09D39832C967BDB00EC59CB /* PokemonTableViewCell.xib in Resources */,
				C09D396C2C9670FB00EC59CB /* Assets.xcassets in Resources */,
				C09D396A2C9670F900EC59CB /* PokedexMain.storyboard in Resources */,
			);
			runOnlyForDeploymentPostprocessing = 0;
		};
/* End PBXResourcesBuildPhase section */

/* Begin PBXSourcesBuildPhase section */
		C09D395B2C9670F900EC59CB /* Sources */ = {
			isa = PBXSourcesBuildPhase;
			buildActionMask = 2147483647;
			files = (
				C09D39672C9670F900EC59CB /* PokedexListViewController.swift in Sources */,
				C09D398C2C96A5C700EC59CB /* PokemonDetailView.swift in Sources */,
				C09D39872C9686C300EC59CB /* PokemonListModel.swift in Sources */,
				C09D398E2C96AECC00EC59CB /* PokemonDetailViewModel.swift in Sources */,
				C09D39892C96871100EC59CB /* PokemonResultModel.swift in Sources */,
				C09D39632C9670F900EC59CB /* AppDelegate.swift in Sources */,
				C09D397C2C96720B00EC59CB /* PokemonViewModel.swift in Sources */,
				C09D39902C96B0CE00EC59CB /* PokemonModel.swift in Sources */,
				C09D39822C967BDB00EC59CB /* PokemonTableViewCell.swift in Sources */,
				C09D39852C96855500EC59CB /* PokedexAPI.swift in Sources */,
				C09D39652C9670F900EC59CB /* SceneDelegate.swift in Sources */,
			);
			runOnlyForDeploymentPostprocessing = 0;
		};
/* End PBXSourcesBuildPhase section */

/* Begin PBXVariantGroup section */
		C09D39682C9670F900EC59CB /* PokedexMain.storyboard */ = {
			isa = PBXVariantGroup;
			children = (
				C09D39692C9670F900EC59CB /* Base */,
			);
			name = PokedexMain.storyboard;
			sourceTree = "<group>";
		};
		C09D396D2C9670FB00EC59CB /* LaunchScreen.storyboard */ = {
			isa = PBXVariantGroup;
			children = (
				C09D396E2C9670FB00EC59CB /* Base */,
			);
			name = LaunchScreen.storyboard;
			sourceTree = "<group>";
		};
/* End PBXVariantGroup section */

/* Begin XCBuildConfiguration section */
		C09D39712C9670FB00EC59CB /* Debug */ = {
			isa = XCBuildConfiguration;
			buildSettings = {
				ALWAYS_SEARCH_USER_PATHS = NO;
				ASSETCATALOG_COMPILER_GENERATE_SWIFT_ASSET_SYMBOL_EXTENSIONS = YES;
				CLANG_ANALYZER_NONNULL = YES;
				CLANG_ANALYZER_NUMBER_OBJECT_CONVERSION = YES_AGGRESSIVE;
				CLANG_CXX_LANGUAGE_STANDARD = "gnu++20";
				CLANG_ENABLE_MODULES = YES;
				CLANG_ENABLE_OBJC_ARC = YES;
				CLANG_ENABLE_OBJC_WEAK = YES;
				CLANG_WARN_BLOCK_CAPTURE_AUTORELEASING = YES;
				CLANG_WARN_BOOL_CONVERSION = YES;
				CLANG_WARN_COMMA = YES;
				CLANG_WARN_CONSTANT_CONVERSION = YES;
				CLANG_WARN_DEPRECATED_OBJC_IMPLEMENTATIONS = YES;
				CLANG_WARN_DIRECT_OBJC_ISA_USAGE = YES_ERROR;
				CLANG_WARN_DOCUMENTATION_COMMENTS = YES;
				CLANG_WARN_EMPTY_BODY = YES;
				CLANG_WARN_ENUM_CONVERSION = YES;
				CLANG_WARN_INFINITE_RECURSION = YES;
				CLANG_WARN_INT_CONVERSION = YES;
				CLANG_WARN_NON_LITERAL_NULL_CONVERSION = YES;
				CLANG_WARN_OBJC_IMPLICIT_RETAIN_SELF = YES;
				CLANG_WARN_OBJC_LITERAL_CONVERSION = YES;
				CLANG_WARN_OBJC_ROOT_CLASS = YES_ERROR;
				CLANG_WARN_QUOTED_INCLUDE_IN_FRAMEWORK_HEADER = YES;
				CLANG_WARN_RANGE_LOOP_ANALYSIS = YES;
				CLANG_WARN_STRICT_PROTOTYPES = YES;
				CLANG_WARN_SUSPICIOUS_MOVE = YES;
				CLANG_WARN_UNGUARDED_AVAILABILITY = YES_AGGRESSIVE;
				CLANG_WARN_UNREACHABLE_CODE = YES;
				CLANG_WARN__DUPLICATE_METHOD_MATCH = YES;
				COPY_PHASE_STRIP = NO;
				DEBUG_INFORMATION_FORMAT = dwarf;
				ENABLE_STRICT_OBJC_MSGSEND = YES;
				ENABLE_TESTABILITY = YES;
				ENABLE_USER_SCRIPT_SANDBOXING = YES;
				GCC_C_LANGUAGE_STANDARD = gnu17;
				GCC_DYNAMIC_NO_PIC = NO;
				GCC_NO_COMMON_BLOCKS = YES;
				GCC_OPTIMIZATION_LEVEL = 0;
				GCC_PREPROCESSOR_DEFINITIONS = (
					"DEBUG=1",
					"$(inherited)",
				);
				GCC_WARN_64_TO_32_BIT_CONVERSION = YES;
				GCC_WARN_ABOUT_RETURN_TYPE = YES_ERROR;
				GCC_WARN_UNDECLARED_SELECTOR = YES;
				GCC_WARN_UNINITIALIZED_AUTOS = YES_AGGRESSIVE;
				GCC_WARN_UNUSED_FUNCTION = YES;
				GCC_WARN_UNUSED_VARIABLE = YES;
				IPHONEOS_DEPLOYMENT_TARGET = 17.2;
				LOCALIZATION_PREFERS_STRING_CATALOGS = YES;
				MTL_ENABLE_DEBUG_INFO = INCLUDE_SOURCE;
				MTL_FAST_MATH = YES;
				ONLY_ACTIVE_ARCH = YES;
				SDKROOT = iphoneos;
				SWIFT_ACTIVE_COMPILATION_CONDITIONS = "DEBUG $(inherited)";
				SWIFT_OPTIMIZATION_LEVEL = "-Onone";
			};
			name = Debug;
		};
		C09D39722C9670FB00EC59CB /* Release */ = {
			isa = XCBuildConfiguration;
			buildSettings = {
				ALWAYS_SEARCH_USER_PATHS = NO;
				ASSETCATALOG_COMPILER_GENERATE_SWIFT_ASSET_SYMBOL_EXTENSIONS = YES;
				CLANG_ANALYZER_NONNULL = YES;
				CLANG_ANALYZER_NUMBER_OBJECT_CONVERSION = YES_AGGRESSIVE;
				CLANG_CXX_LANGUAGE_STANDARD = "gnu++20";
				CLANG_ENABLE_MODULES = YES;
				CLANG_ENABLE_OBJC_ARC = YES;
				CLANG_ENABLE_OBJC_WEAK = YES;
				CLANG_WARN_BLOCK_CAPTURE_AUTORELEASING = YES;
				CLANG_WARN_BOOL_CONVERSION = YES;
				CLANG_WARN_COMMA = YES;
				CLANG_WARN_CONSTANT_CONVERSION = YES;
				CLANG_WARN_DEPRECATED_OBJC_IMPLEMENTATIONS = YES;
				CLANG_WARN_DIRECT_OBJC_ISA_USAGE = YES_ERROR;
				CLANG_WARN_DOCUMENTATION_COMMENTS = YES;
				CLANG_WARN_EMPTY_BODY = YES;
				CLANG_WARN_ENUM_CONVERSION = YES;
				CLANG_WARN_INFINITE_RECURSION = YES;
				CLANG_WARN_INT_CONVERSION = YES;
				CLANG_WARN_NON_LITERAL_NULL_CONVERSION = YES;
				CLANG_WARN_OBJC_IMPLICIT_RETAIN_SELF = YES;
				CLANG_WARN_OBJC_LITERAL_CONVERSION = YES;
				CLANG_WARN_OBJC_ROOT_CLASS = YES_ERROR;
				CLANG_WARN_QUOTED_INCLUDE_IN_FRAMEWORK_HEADER = YES;
				CLANG_WARN_RANGE_LOOP_ANALYSIS = YES;
				CLANG_WARN_STRICT_PROTOTYPES = YES;
				CLANG_WARN_SUSPICIOUS_MOVE = YES;
				CLANG_WARN_UNGUARDED_AVAILABILITY = YES_AGGRESSIVE;
				CLANG_WARN_UNREACHABLE_CODE = YES;
				CLANG_WARN__DUPLICATE_METHOD_MATCH = YES;
				COPY_PHASE_STRIP = NO;
				DEBUG_INFORMATION_FORMAT = "dwarf-with-dsym";
				ENABLE_NS_ASSERTIONS = NO;
				ENABLE_STRICT_OBJC_MSGSEND = YES;
				ENABLE_USER_SCRIPT_SANDBOXING = YES;
				GCC_C_LANGUAGE_STANDARD = gnu17;
				GCC_NO_COMMON_BLOCKS = YES;
				GCC_WARN_64_TO_32_BIT_CONVERSION = YES;
				GCC_WARN_ABOUT_RETURN_TYPE = YES_ERROR;
				GCC_WARN_UNDECLARED_SELECTOR = YES;
				GCC_WARN_UNINITIALIZED_AUTOS = YES_AGGRESSIVE;
				GCC_WARN_UNUSED_FUNCTION = YES;
				GCC_WARN_UNUSED_VARIABLE = YES;
				IPHONEOS_DEPLOYMENT_TARGET = 17.2;
				LOCALIZATION_PREFERS_STRING_CATALOGS = YES;
				MTL_ENABLE_DEBUG_INFO = NO;
				MTL_FAST_MATH = YES;
				SDKROOT = iphoneos;
				SWIFT_COMPILATION_MODE = wholemodule;
				VALIDATE_PRODUCT = YES;
			};
			name = Release;
		};
		C09D39742C9670FB00EC59CB /* Debug */ = {
			isa = XCBuildConfiguration;
			buildSettings = {
				ASSETCATALOG_COMPILER_APPICON_NAME = AppIcon;
				ASSETCATALOG_COMPILER_GLOBAL_ACCENT_COLOR_NAME = AccentColor;
				CODE_SIGN_STYLE = Automatic;
				CURRENT_PROJECT_VERSION = 1;
				GENERATE_INFOPLIST_FILE = YES;
				INFOPLIST_FILE = Pokedex/Info.plist;
				INFOPLIST_KEY_UIApplicationSupportsIndirectInputEvents = YES;
				INFOPLIST_KEY_UILaunchStoryboardName = LaunchScreen;
				INFOPLIST_KEY_UIMainStoryboardFile = PokedexMain;
				INFOPLIST_KEY_UISupportedInterfaceOrientations_iPad = "UIInterfaceOrientationPortrait UIInterfaceOrientationPortraitUpsideDown UIInterfaceOrientationLandscapeLeft UIInterfaceOrientationLandscapeRight";
				INFOPLIST_KEY_UISupportedInterfaceOrientations_iPhone = "UIInterfaceOrientationPortrait UIInterfaceOrientationLandscapeLeft UIInterfaceOrientationLandscapeRight";
				LD_RUNPATH_SEARCH_PATHS = (
					"$(inherited)",
					"@executable_path/Frameworks",
				);
				MARKETING_VERSION = 1.0;
				PRODUCT_BUNDLE_IDENTIFIER = com.mojodojocodehouse.Pokedex;
				PRODUCT_NAME = "$(TARGET_NAME)";
				SWIFT_EMIT_LOC_STRINGS = YES;
				SWIFT_VERSION = 5.0;
				TARGETED_DEVICE_FAMILY = "1,2";
			};
			name = Debug;
		};
		C09D39752C9670FB00EC59CB /* Release */ = {
			isa = XCBuildConfiguration;
			buildSettings = {
				ASSETCATALOG_COMPILER_APPICON_NAME = AppIcon;
				ASSETCATALOG_COMPILER_GLOBAL_ACCENT_COLOR_NAME = AccentColor;
				CODE_SIGN_STYLE = Automatic;
				CURRENT_PROJECT_VERSION = 1;
				GENERATE_INFOPLIST_FILE = YES;
				INFOPLIST_FILE = Pokedex/Info.plist;
				INFOPLIST_KEY_UIApplicationSupportsIndirectInputEvents = YES;
				INFOPLIST_KEY_UILaunchStoryboardName = LaunchScreen;
				INFOPLIST_KEY_UIMainStoryboardFile = PokedexMain;
				INFOPLIST_KEY_UISupportedInterfaceOrientations_iPad = "UIInterfaceOrientationPortrait UIInterfaceOrientationPortraitUpsideDown UIInterfaceOrientationLandscapeLeft UIInterfaceOrientationLandscapeRight";
				INFOPLIST_KEY_UISupportedInterfaceOrientations_iPhone = "UIInterfaceOrientationPortrait UIInterfaceOrientationLandscapeLeft UIInterfaceOrientationLandscapeRight";
				LD_RUNPATH_SEARCH_PATHS = (
					"$(inherited)",
					"@executable_path/Frameworks",
				);
				MARKETING_VERSION = 1.0;
				PRODUCT_BUNDLE_IDENTIFIER = com.mojodojocodehouse.Pokedex;
				PRODUCT_NAME = "$(TARGET_NAME)";
				SWIFT_EMIT_LOC_STRINGS = YES;
				SWIFT_VERSION = 5.0;
				TARGETED_DEVICE_FAMILY = "1,2";
			};
			name = Release;
		};
/* End XCBuildConfiguration section */

/* Begin XCConfigurationList section */
		C09D395A2C9670F800EC59CB /* Build configuration list for PBXProject "Pokedex" */ = {
			isa = XCConfigurationList;
			buildConfigurations = (
				C09D39712C9670FB00EC59CB /* Debug */,
				C09D39722C9670FB00EC59CB /* Release */,
			);
			defaultConfigurationIsVisible = 0;
			defaultConfigurationName = Release;
		};
		C09D39732C9670FB00EC59CB /* Build configuration list for PBXNativeTarget "Pokedex" */ = {
			isa = XCConfigurationList;
			buildConfigurations = (
				C09D39742C9670FB00EC59CB /* Debug */,
				C09D39752C9670FB00EC59CB /* Release */,
			);
			defaultConfigurationIsVisible = 0;
			defaultConfigurationName = Release;
		};
/* End XCConfigurationList section */
	};
	rootObject = C09D39572C9670F800EC59CB /* Project object */;
}
